
Microsoft Visual Studio Solution File, Format Version 12.00
# Visual Studio 2012
Project("{8BC9CEB8-8B4A-11D0-8D11-00A0C91BC942}") = "lakeml", "lakeml.vcxproj", "{DC067BB9-B433-4498-BBEF-5C6371EC73CC}"
EndProject
Project("{8BC9CEB8-8B4A-11D0-8D11-00A0C91BC942}") = "demo", "demo\demo.vcxproj", "{CAC2B457-A2DD-4BE4-BBFC-9B4423527D6A}"
	ProjectSection(ProjectDependencies) = postProject
		{DC067BB9-B433-4498-BBEF-5C6371EC73CC} = {DC067BB9-B433-4498-BBEF-5C6371EC73CC}
	EndProjectSection
EndProject
Global
	GlobalSection(SolutionConfigurationPlatforms) = preSolution
		Debug|Any CPU = Debug|Any CPU
		Debug|Mixed Platforms = Debug|Mixed Platforms
		Debug|Win32 = Debug|Win32
		Release|Any CPU = Release|Any CPU
		Release|Mixed Platforms = Release|Mixed Platforms
		Release|Win32 = Release|Win32
	EndGlobalSection
	GlobalSection(ProjectConfigurationPlatforms) = postSolution
		{DC067BB9-B433-4498-BBEF-5C6371EC73CC}.Debug|Any CPU.ActiveCfg = Debug|Win32
		{DC067BB9-B433-4498-BBEF-5C6371EC73CC}.Debug|Mixed Platforms.ActiveCfg = Debug|Win32
		{DC067BB9-B433-4498-BBEF-5C6371EC73CC}.Debug|Mixed Platforms.Build.0 = Debug|Win32
		{DC067BB9-B433-4498-BBEF-5C6371EC73CC}.Debug|Win32.ActiveCfg = Debug|Win32
		{DC067BB9-B433-4498-BBEF-5C6371EC73CC}.Debug|Win32.Build.0 = Debug|Win32
		{DC067BB9-B433-4498-BBEF-5C6371EC73CC}.Release|Any CPU.ActiveCfg = Release|Win32
		{DC067BB9-B433-4498-BBEF-5C6371EC73CC}.Release|Mixed Platforms.ActiveCfg = Release|Win32
		{DC067BB9-B433-4498-BBEF-5C6371EC73CC}.Release|Mixed Platforms.Build.0 = Release|Win32
		{DC067BB9-B433-4498-BBEF-5C6371EC73CC}.Release|Win32.ActiveCfg = Release|Win32
		{DC067BB9-B433-4498-BBEF-5C6371EC73CC}.Release|Win32.Build.0 = Release|Win32
		{CAC2B457-A2DD-4BE4-BBFC-9B4423527D6A}.Debug|Any CPU.ActiveCfg = Debug|Win32
		{CAC2B457-A2DD-4BE4-BBFC-9B4423527D6A}.Debug|Mixed Platforms.ActiveCfg = Debug|Win32
		{CAC2B457-A2DD-4BE4-BBFC-9B4423527D6A}.Debug|Mixed Platforms.Build.0 = Debug|Win32
		{CAC2B457-A2DD-4BE4-BBFC-9B4423527D6A}.Debug|Win32.ActiveCfg = Debug|Win32
		{CAC2B457-A2DD-4BE4-BBFC-9B4423527D6A}.Debug|Win32.Build.0 = Debug|Win32
		{CAC2B457-A2DD-4BE4-BBFC-9B4423527D6A}.Release|Any CPU.ActiveCfg = Release|Win32
		{CAC2B457-A2DD-4BE4-BBFC-9B4423527D6A}.Release|Mixed Platforms.ActiveCfg = Release|Win32
		{CAC2B457-A2DD-4BE4-BBFC-9B4423527D6A}.Release|Mixed Platforms.Build.0 = Release|Win32
		{CAC2B457-A2DD-4BE4-BBFC-9B4423527D6A}.Release|Win32.ActiveCfg = Release|Win32
		{CAC2B457-A2DD-4BE4-BBFC-9B4423527D6A}.Release|Win32.Build.0 = Release|Win32
	EndGlobalSection
	GlobalSection(SolutionProperties) = preSolution
		HideSolutionNode = FALSE
	EndGlobalSection
EndGlobal
